
Microsoft Visual Studio Solution File, Format Version 12.00
# Visual Studio Version 17
VisualStudioVersion = 17.6.33801.468
MinimumVisualStudioVersion = 10.0.40219.1
Project("{9A19103F-16F7-4668-BE54-9A1E7A4F7556}") = "Calculator", "Calculator\Calculator.csproj", "{EE269C2D-D859-4A8E-924B-7B9166F0A69C}"
EndProject
Project("{FAE04EC0-301F-11D3-BF4B-00C04F79EFBC}") = "CalculatorUnitTest", "CalculatorUnitTest\CalculatorUnitTest.csproj", "{081360FE-BFEB-4647-8678-3041ADB4B7B5}"
EndProject
Global
	GlobalSection(SolutionConfigurationPlatforms) = preSolution
		Debug|Any CPU = Debug|Any CPU
		Release|Any CPU = Release|Any CPU
	EndGlobalSection
	GlobalSection(ProjectConfigurationPlatforms) = postSolution
		{EE269C2D-D859-4A8E-924B-7B9166F0A69C}.Debug|Any CPU.ActiveCfg = Debug|Any CPU
		{EE269C2D-D859-4A8E-924B-7B9166F0A69C}.Debug|Any CPU.Build.0 = Debug|Any CPU
		{EE269C2D-D859-4A8E-924B-7B9166F0A69C}.Release|Any CPU.ActiveCfg = Release|Any CPU
		{EE269C2D-D859-4A8E-924B-7B9166F0A69C}.Release|Any CPU.Build.0 = Release|Any CPU
		{081360FE-BFEB-4647-8678-3041ADB4B7B5}.Debug|Any CPU.ActiveCfg = Debug|Any CPU
		{081360FE-BFEB-4647-8678-3041ADB4B7B5}.Debug|Any CPU.Build.0 = Debug|Any CPU
		{081360FE-BFEB-4647-8678-3041ADB4B7B5}.Release|Any CPU.ActiveCfg = Release|Any CPU
		{081360FE-BFEB-4647-8678-3041ADB4B7B5}.Release|Any CPU.Build.0 = Release|Any CPU
	EndGlobalSection
	GlobalSection(SolutionProperties) = preSolution
		HideSolutionNode = FALSE
	EndGlobalSection
	GlobalSection(ExtensibilityGlobals) = postSolution
		SolutionGuid = {95FA3CA0-6787-46A5-BD80-92D11D277B4D}
	EndGlobalSection
EndGlobal
